
Microsoft Visual Studio Solution File, Format Version 12.00
# Visual Studio Version 17
VisualStudioVersion = 17.7.34024.191
MinimumVisualStudioVersion = 10.0.40219.1
Project("{FAE04EC0-301F-11D3-BF4B-00C04F79EFBC}") = "COSC2100Assignment5BrodyDentinger", "COSC2100Assignment5BrodyDentinger\COSC2100Assignment5BrodyDentinger.csproj", "{B900FBEC-C7DD-4D0D-B1B6-BFD7B4C9AC69}"
EndProject
Global
	GlobalSection(SolutionConfigurationPlatforms) = preSolution
		Debug|Any CPU = Debug|Any CPU
		Release|Any CPU = Release|Any CPU
	EndGlobalSection
	GlobalSection(ProjectConfigurationPlatforms) = postSolution
		{B900FBEC-C7DD-4D0D-B1B6-BFD7B4C9AC69}.Debug|Any CPU.ActiveCfg = Debug|Any CPU
		{B900FBEC-C7DD-4D0D-B1B6-BFD7B4C9AC69}.Debug|Any CPU.Build.0 = Debug|Any CPU
		{B900FBEC-C7DD-4D0D-B1B6-BFD7B4C9AC69}.Release|Any CPU.ActiveCfg = Release|Any CPU
		{B900FBEC-C7DD-4D0D-B1B6-BFD7B4C9AC69}.Release|Any CPU.Build.0 = Release|Any CPU
	EndGlobalSection
	GlobalSection(SolutionProperties) = preSolution
		HideSolutionNode = FALSE
	EndGlobalSection
	GlobalSection(ExtensibilityGlobals) = postSolution
		SolutionGuid = {CAA9F1C3-14CC-44DE-B907-4192E4EBFAF4}
	EndGlobalSection
EndGlobal
